
Microsoft Visual Studio Solution File, Format Version 12.00
# Visual Studio Version 16
VisualStudioVersion = 16.0.29409.12
MinimumVisualStudioVersion = 10.0.40219.1
Project("{2150E333-8FDC-42A3-9474-1A3956D46DE8}") = "Test", "Test", "{3F738F47-8B8C-432A-B62F-59E84CABE3B9}"
EndProject
Project("{9A19103F-16F7-4668-BE54-9A1E7A4F7556}") = "Jess.DotNet.Extension", "src\Jess.DotNet.Extension\Jess.DotNet.Extension.csproj", "{42F7C9D1-C4EE-400F-AF57-A277927910B2}"
EndProject
Project("{9A19103F-16F7-4668-BE54-9A1E7A4F7556}") = "Jess.DotNet.Extension.Test", "test\Jess.DotNet.Extension.Test\Jess.DotNet.Extension.Test.csproj", "{7C5E863B-4656-49F3-9EEA-A51840250393}"
EndProject
Global
	GlobalSection(SolutionConfigurationPlatforms) = preSolution
		Debug|Any CPU = Debug|Any CPU
		Release|Any CPU = Release|Any CPU
	EndGlobalSection
	GlobalSection(ProjectConfigurationPlatforms) = postSolution
		{42F7C9D1-C4EE-400F-AF57-A277927910B2}.Debug|Any CPU.ActiveCfg = Debug|Any CPU
		{42F7C9D1-C4EE-400F-AF57-A277927910B2}.Debug|Any CPU.Build.0 = Debug|Any CPU
		{42F7C9D1-C4EE-400F-AF57-A277927910B2}.Release|Any CPU.ActiveCfg = Release|Any CPU
		{42F7C9D1-C4EE-400F-AF57-A277927910B2}.Release|Any CPU.Build.0 = Release|Any CPU
		{7C5E863B-4656-49F3-9EEA-A51840250393}.Debug|Any CPU.ActiveCfg = Debug|Any CPU
		{7C5E863B-4656-49F3-9EEA-A51840250393}.Debug|Any CPU.Build.0 = Debug|Any CPU
		{7C5E863B-4656-49F3-9EEA-A51840250393}.Release|Any CPU.ActiveCfg = Release|Any CPU
		{7C5E863B-4656-49F3-9EEA-A51840250393}.Release|Any CPU.Build.0 = Release|Any CPU
	EndGlobalSection
	GlobalSection(SolutionProperties) = preSolution
		HideSolutionNode = FALSE
	EndGlobalSection
	GlobalSection(NestedProjects) = preSolution
		{7C5E863B-4656-49F3-9EEA-A51840250393} = {3F738F47-8B8C-432A-B62F-59E84CABE3B9}
	EndGlobalSection
	GlobalSection(ExtensibilityGlobals) = postSolution
		SolutionGuid = {6E765CA4-CEB6-4E75-B30F-7BA2E298A6F2}
	EndGlobalSection
EndGlobal
